
Microsoft Visual Studio Solution File, Format Version 12.00
# Visual Studio Version 16
VisualStudioVersion = 16.0.31402.337
MinimumVisualStudioVersion = 10.0.40219.1
Project("{FAE04EC0-301F-11D3-BF4B-00C04F79EFBC}") = "Cuong_WebsiteTimPhongTro", "Cuong_WebsiteTimPhongTro\Cuong_WebsiteTimPhongTro.csproj", "{B4CF9757-5FFE-4FA0-A831-0F8CBAD7EB1D}"
EndProject
Project("{FAE04EC0-301F-11D3-BF4B-00C04F79EFBC}") = "Common", "Common\Common.csproj", "{8C7A3132-639F-49BA-B9B6-93AC96CDD45C}"
EndProject
Global
	GlobalSection(SolutionConfigurationPlatforms) = preSolution
		Debug|Any CPU = Debug|Any CPU
		Release|Any CPU = Release|Any CPU
	EndGlobalSection
	GlobalSection(ProjectConfigurationPlatforms) = postSolution
		{B4CF9757-5FFE-4FA0-A831-0F8CBAD7EB1D}.Debug|Any CPU.ActiveCfg = Debug|Any CPU
		{B4CF9757-5FFE-4FA0-A831-0F8CBAD7EB1D}.Debug|Any CPU.Build.0 = Debug|Any CPU
		{B4CF9757-5FFE-4FA0-A831-0F8CBAD7EB1D}.Release|Any CPU.ActiveCfg = Release|Any CPU
		{B4CF9757-5FFE-4FA0-A831-0F8CBAD7EB1D}.Release|Any CPU.Build.0 = Release|Any CPU
		{8C7A3132-639F-49BA-B9B6-93AC96CDD45C}.Debug|Any CPU.ActiveCfg = Debug|Any CPU
		{8C7A3132-639F-49BA-B9B6-93AC96CDD45C}.Debug|Any CPU.Build.0 = Debug|Any CPU
		{8C7A3132-639F-49BA-B9B6-93AC96CDD45C}.Release|Any CPU.ActiveCfg = Release|Any CPU
		{8C7A3132-639F-49BA-B9B6-93AC96CDD45C}.Release|Any CPU.Build.0 = Release|Any CPU
	EndGlobalSection
	GlobalSection(SolutionProperties) = preSolution
		HideSolutionNode = FALSE
	EndGlobalSection
	GlobalSection(ExtensibilityGlobals) = postSolution
		SolutionGuid = {7A65F132-9A47-4A39-84A4-F18862145518}
	EndGlobalSection
EndGlobal
